
Microsoft Visual Studio Solution File, Format Version 12.00
# Visual Studio Version 17
VisualStudioVersion = 17.10.35122.118
MinimumVisualStudioVersion = 10.0.40219.1
Project("{2150E333-8FDC-42A3-9474-1A3956D46DE8}") = "Core", "Core", "{CF60C580-76CE-481A-ACE0-2D1405220D78}"
EndProject
Project("{2150E333-8FDC-42A3-9474-1A3956D46DE8}") = "Tests", "Tests", "{01E3C8DA-2A1A-4B88-B873-9D514822B73C}"
EndProject
Project("{9A19103F-16F7-4668-BE54-9A1E7A4F7556}") = "Awards.Api.Tests", "tests\Awards.Api.Tests\Awards.Api.Tests.csproj", "{6B476968-A7A5-417E-81CA-A6939358988E}"
EndProject
Project("{9A19103F-16F7-4668-BE54-9A1E7A4F7556}") = "Awards.Api", "src\Awards.Api\Awards.Api.csproj", "{3CB28F77-69E9-4B59-903A-D34482AAEE67}"
EndProject
Project("{2150E333-8FDC-42A3-9474-1A3956D46DE8}") = "Api", "Api", "{B7AC4C77-65DF-4DC3-A5D3-DF609F78767D}"
EndProject
Project("{9A19103F-16F7-4668-BE54-9A1E7A4F7556}") = "Awards.Application", "src\Awards.Application\Awards.Application.csproj", "{B8895DA0-ABE7-45C1-BDA4-FE278DB0762D}"
EndProject
Project("{9A19103F-16F7-4668-BE54-9A1E7A4F7556}") = "Awards.Contracts", "src\Awards.Contracts\Awards.Contracts.csproj", "{595D9B5A-C2BD-4FE3-975C-A40E458CC06A}"
EndProject
Project("{9A19103F-16F7-4668-BE54-9A1E7A4F7556}") = "Awards.Domain", "src\Awards.Domain\Awards.Domain.csproj", "{0D604D2E-18F9-4817-8111-48B9C3948541}"
EndProject
Project("{9A19103F-16F7-4668-BE54-9A1E7A4F7556}") = "Awards.Infrastructure", "src\Awards.Infrastructure\Awards.Infrastructure.csproj", "{369FA55C-E0D6-40FE-ADA7-58F7C7F87920}"
EndProject
Project("{9A19103F-16F7-4668-BE54-9A1E7A4F7556}") = "Awards.Persistence", "src\Awards.Persistence\Awards.Persistence.csproj", "{546EDEC0-431F-4F20-851C-B31DC685BE48}"
EndProject
Global
	GlobalSection(SolutionConfigurationPlatforms) = preSolution
		Debug|Any CPU = Debug|Any CPU
		Release|Any CPU = Release|Any CPU
	EndGlobalSection
	GlobalSection(ProjectConfigurationPlatforms) = postSolution
		{6B476968-A7A5-417E-81CA-A6939358988E}.Debug|Any CPU.ActiveCfg = Debug|Any CPU
		{6B476968-A7A5-417E-81CA-A6939358988E}.Debug|Any CPU.Build.0 = Debug|Any CPU
		{6B476968-A7A5-417E-81CA-A6939358988E}.Release|Any CPU.ActiveCfg = Release|Any CPU
		{6B476968-A7A5-417E-81CA-A6939358988E}.Release|Any CPU.Build.0 = Release|Any CPU
		{3CB28F77-69E9-4B59-903A-D34482AAEE67}.Debug|Any CPU.ActiveCfg = Debug|Any CPU
		{3CB28F77-69E9-4B59-903A-D34482AAEE67}.Debug|Any CPU.Build.0 = Debug|Any CPU
		{3CB28F77-69E9-4B59-903A-D34482AAEE67}.Release|Any CPU.ActiveCfg = Release|Any CPU
		{3CB28F77-69E9-4B59-903A-D34482AAEE67}.Release|Any CPU.Build.0 = Release|Any CPU
		{B8895DA0-ABE7-45C1-BDA4-FE278DB0762D}.Debug|Any CPU.ActiveCfg = Debug|Any CPU
		{B8895DA0-ABE7-45C1-BDA4-FE278DB0762D}.Debug|Any CPU.Build.0 = Debug|Any CPU
		{B8895DA0-ABE7-45C1-BDA4-FE278DB0762D}.Release|Any CPU.ActiveCfg = Release|Any CPU
		{B8895DA0-ABE7-45C1-BDA4-FE278DB0762D}.Release|Any CPU.Build.0 = Release|Any CPU
		{595D9B5A-C2BD-4FE3-975C-A40E458CC06A}.Debug|Any CPU.ActiveCfg = Debug|Any CPU
		{595D9B5A-C2BD-4FE3-975C-A40E458CC06A}.Debug|Any CPU.Build.0 = Debug|Any CPU
		{595D9B5A-C2BD-4FE3-975C-A40E458CC06A}.Release|Any CPU.ActiveCfg = Release|Any CPU
		{595D9B5A-C2BD-4FE3-975C-A40E458CC06A}.Release|Any CPU.Build.0 = Release|Any CPU
		{0D604D2E-18F9-4817-8111-48B9C3948541}.Debug|Any CPU.ActiveCfg = Debug|Any CPU
		{0D604D2E-18F9-4817-8111-48B9C3948541}.Debug|Any CPU.Build.0 = Debug|Any CPU
		{0D604D2E-18F9-4817-8111-48B9C3948541}.Release|Any CPU.ActiveCfg = Release|Any CPU
		{0D604D2E-18F9-4817-8111-48B9C3948541}.Release|Any CPU.Build.0 = Release|Any CPU
		{369FA55C-E0D6-40FE-ADA7-58F7C7F87920}.Debug|Any CPU.ActiveCfg = Debug|Any CPU
		{369FA55C-E0D6-40FE-ADA7-58F7C7F87920}.Debug|Any CPU.Build.0 = Debug|Any CPU
		{369FA55C-E0D6-40FE-ADA7-58F7C7F87920}.Release|Any CPU.ActiveCfg = Release|Any CPU
		{369FA55C-E0D6-40FE-ADA7-58F7C7F87920}.Release|Any CPU.Build.0 = Release|Any CPU
		{546EDEC0-431F-4F20-851C-B31DC685BE48}.Debug|Any CPU.ActiveCfg = Debug|Any CPU
		{546EDEC0-431F-4F20-851C-B31DC685BE48}.Debug|Any CPU.Build.0 = Debug|Any CPU
		{546EDEC0-431F-4F20-851C-B31DC685BE48}.Release|Any CPU.ActiveCfg = Release|Any CPU
		{546EDEC0-431F-4F20-851C-B31DC685BE48}.Release|Any CPU.Build.0 = Release|Any CPU
	EndGlobalSection
	GlobalSection(SolutionProperties) = preSolution
		HideSolutionNode = FALSE
	EndGlobalSection
	GlobalSection(NestedProjects) = preSolution
		{6B476968-A7A5-417E-81CA-A6939358988E} = {01E3C8DA-2A1A-4B88-B873-9D514822B73C}
		{3CB28F77-69E9-4B59-903A-D34482AAEE67} = {B7AC4C77-65DF-4DC3-A5D3-DF609F78767D}
		{B8895DA0-ABE7-45C1-BDA4-FE278DB0762D} = {CF60C580-76CE-481A-ACE0-2D1405220D78}
		{595D9B5A-C2BD-4FE3-975C-A40E458CC06A} = {CF60C580-76CE-481A-ACE0-2D1405220D78}
		{0D604D2E-18F9-4817-8111-48B9C3948541} = {CF60C580-76CE-481A-ACE0-2D1405220D78}
		{369FA55C-E0D6-40FE-ADA7-58F7C7F87920} = {CF60C580-76CE-481A-ACE0-2D1405220D78}
		{546EDEC0-431F-4F20-851C-B31DC685BE48} = {CF60C580-76CE-481A-ACE0-2D1405220D78}
	EndGlobalSection
	GlobalSection(ExtensibilityGlobals) = postSolution
		SolutionGuid = {2A964C8C-2C91-4A05-ABEA-BBDC0BB63131}
	EndGlobalSection
EndGlobal
